{
  "pins" : [
    {
      "identity" : "corecharts",
      "kind" : "remoteSourceControl",
      "location" : "https://github.com/captain-camel/CoreCharts",
      "state" : {
        "revision" : "bb5b8253723fc845f107b5ad9e3aceba2c22c9f1",
        "version" : "0.1.0"
      }
    },
    {
      "identity" : "swiftui-introspect",
      "kind" : "remoteSourceControl",
      "location" : "https://github.com/siteline/SwiftUI-Introspect",
      "state" : {
        "revision" : "f2616860a41f9d9932da412a8978fec79c06fe24",
        "version" : "0.1.4"
      }
    }
  ],
  "version" : 2
}
